
Microsoft Visual Studio Solution File, Format Version 12.00
# Visual Studio 14
VisualStudioVersion = 14.0.25420.1
MinimumVisualStudioVersion = 10.0.40219.1
Project("{FAE04EC0-301F-11D3-BF4B-00C04F79EFBC}") = "SAC_APP", "SAK_2016\SAC_APP.csproj", "{1FB918A7-A0B7-4DD2-81CB-FD61CD5689DD}"
EndProject
Project("{FAE04EC0-301F-11D3-BF4B-00C04F79EFBC}") = "NormaDBControl", "NormaDBControl\DBControl\NormaDBControl.csproj", "{6828DD40-1488-46D6-8F70-DB5EF38C463F}"
EndProject
Project("{FAE04EC0-301F-11D3-BF4B-00C04F79EFBC}") = "AppTest", "AppTest\AppTest.csproj", "{8B6C462D-FDEF-469B-A603-5B25BC9CA316}"
EndProject
Project("{FAE04EC0-301F-11D3-BF4B-00C04F79EFBC}") = "NormaMeasureControl", "NormaMeasure\NormaMeasureControl.csproj", "{2C7874CB-F87F-4E63-89C3-B45FFB6A245E}"
EndProject
Project("{FAE04EC0-301F-11D3-BF4B-00C04F79EFBC}") = "NormaMeasureUtils", "NormaMeasureUtils\NormaMeasureUtils.csproj", "{055F17FF-367E-4395-82BA-0C38A23092F6}"
EndProject
Project("{FAE04EC0-301F-11D3-BF4B-00C04F79EFBC}") = "NormaMeasureDevices", "NormaMeasureDevices\NormaMeasureDevices.csproj", "{95C559B4-3DD7-471E-A601-E464BD041336}"
EndProject
Project("{FAE04EC0-301F-11D3-BF4B-00C04F79EFBC}") = "NormaMeasureProtocolBuilder", "NormaMeasureProtocolBuilder\NormaMeasureProtocolBuilder.csproj", "{47EFD1B0-1FE0-4A5B-84BF-48AEC15B4B74}"
EndProject
Project("{FAE04EC0-301F-11D3-BF4B-00C04F79EFBC}") = "TeraMicroMeasure", "TeraMicroMeasure\TeraMicroMeasure.csproj", "{79773892-79C9-42C3-8367-B7B03FB8D1D1}"
EndProject
Project("{FAE04EC0-301F-11D3-BF4B-00C04F79EFBC}") = "NormaMeasureSocketControl", "NormaSocketControl\NormaMeasureSocketControl.csproj", "{8A1D8281-0AC9-4129-8B74-42FACBDB47AA}"
EndProject
Project("{FAE04EC0-301F-11D3-BF4B-00C04F79EFBC}") = "NormaMeasureUI", "NormaMeasureUI\NormaMeasureUI.csproj", "{283DC7F4-14AD-42F7-BD4C-005E338E3E34}"
EndProject
Project("{FAE04EC0-301F-11D3-BF4B-00C04F79EFBC}") = "NormaUIDebugger", "NormaUIDebugger\NormaUIDebugger.csproj", "{29FD61B6-BEA9-430B-B247-5288047C2033}"
EndProject
Global
	GlobalSection(SolutionConfigurationPlatforms) = preSolution
		Debug|Any CPU = Debug|Any CPU
		Debug|x64 = Debug|x64
		Debug|x86 = Debug|x86
		Release|Any CPU = Release|Any CPU
		Release|x64 = Release|x64
		Release|x86 = Release|x86
	EndGlobalSection
	GlobalSection(ProjectConfigurationPlatforms) = postSolution
		{1FB918A7-A0B7-4DD2-81CB-FD61CD5689DD}.Debug|Any CPU.ActiveCfg = Debug|x86
		{1FB918A7-A0B7-4DD2-81CB-FD61CD5689DD}.Debug|x64.ActiveCfg = Debug|x64
		{1FB918A7-A0B7-4DD2-81CB-FD61CD5689DD}.Debug|x64.Build.0 = Debug|x64
		{1FB918A7-A0B7-4DD2-81CB-FD61CD5689DD}.Debug|x86.ActiveCfg = Debug|x86
		{1FB918A7-A0B7-4DD2-81CB-FD61CD5689DD}.Debug|x86.Build.0 = Debug|x86
		{1FB918A7-A0B7-4DD2-81CB-FD61CD5689DD}.Release|Any CPU.ActiveCfg = Release|x86
		{1FB918A7-A0B7-4DD2-81CB-FD61CD5689DD}.Release|x64.ActiveCfg = Release|x64
		{1FB918A7-A0B7-4DD2-81CB-FD61CD5689DD}.Release|x64.Build.0 = Release|x64
		{1FB918A7-A0B7-4DD2-81CB-FD61CD5689DD}.Release|x86.ActiveCfg = Release|x86
		{1FB918A7-A0B7-4DD2-81CB-FD61CD5689DD}.Release|x86.Build.0 = Release|x86
		{6828DD40-1488-46D6-8F70-DB5EF38C463F}.Debug|Any CPU.ActiveCfg = Debug|Any CPU
		{6828DD40-1488-46D6-8F70-DB5EF38C463F}.Debug|Any CPU.Build.0 = Debug|Any CPU
		{6828DD40-1488-46D6-8F70-DB5EF38C463F}.Debug|x64.ActiveCfg = Debug|Any CPU
		{6828DD40-1488-46D6-8F70-DB5EF38C463F}.Debug|x64.Build.0 = Debug|Any CPU
		{6828DD40-1488-46D6-8F70-DB5EF38C463F}.Debug|x86.ActiveCfg = Debug|Any CPU
		{6828DD40-1488-46D6-8F70-DB5EF38C463F}.Debug|x86.Build.0 = Debug|Any CPU
		{6828DD40-1488-46D6-8F70-DB5EF38C463F}.Release|Any CPU.ActiveCfg = Release|Any CPU
		{6828DD40-1488-46D6-8F70-DB5EF38C463F}.Release|Any CPU.Build.0 = Release|Any CPU
		{6828DD40-1488-46D6-8F70-DB5EF38C463F}.Release|x64.ActiveCfg = Release|Any CPU
		{6828DD40-1488-46D6-8F70-DB5EF38C463F}.Release|x64.Build.0 = Release|Any CPU
		{6828DD40-1488-46D6-8F70-DB5EF38C463F}.Release|x86.ActiveCfg = Release|Any CPU
		{6828DD40-1488-46D6-8F70-DB5EF38C463F}.Release|x86.Build.0 = Release|Any CPU
		{8B6C462D-FDEF-469B-A603-5B25BC9CA316}.Debug|Any CPU.ActiveCfg = Debug|Any CPU
		{8B6C462D-FDEF-469B-A603-5B25BC9CA316}.Debug|Any CPU.Build.0 = Debug|Any CPU
		{8B6C462D-FDEF-469B-A603-5B25BC9CA316}.Debug|x64.ActiveCfg = Debug|Any CPU
		{8B6C462D-FDEF-469B-A603-5B25BC9CA316}.Debug|x64.Build.0 = Debug|Any CPU
		{8B6C462D-FDEF-469B-A603-5B25BC9CA316}.Debug|x86.ActiveCfg = Debug|Any CPU
		{8B6C462D-FDEF-469B-A603-5B25BC9CA316}.Debug|x86.Build.0 = Debug|Any CPU
		{8B6C462D-FDEF-469B-A603-5B25BC9CA316}.Release|Any CPU.ActiveCfg = Release|Any CPU
		{8B6C462D-FDEF-469B-A603-5B25BC9CA316}.Release|Any CPU.Build.0 = Release|Any CPU
		{8B6C462D-FDEF-469B-A603-5B25BC9CA316}.Release|x64.ActiveCfg = Release|Any CPU
		{8B6C462D-FDEF-469B-A603-5B25BC9CA316}.Release|x64.Build.0 = Release|Any CPU
		{8B6C462D-FDEF-469B-A603-5B25BC9CA316}.Release|x86.ActiveCfg = Release|Any CPU
		{8B6C462D-FDEF-469B-A603-5B25BC9CA316}.Release|x86.Build.0 = Release|Any CPU
		{2C7874CB-F87F-4E63-89C3-B45FFB6A245E}.Debug|Any CPU.ActiveCfg = Debug|Any CPU
		{2C7874CB-F87F-4E63-89C3-B45FFB6A245E}.Debug|Any CPU.Build.0 = Debug|Any CPU
		{2C7874CB-F87F-4E63-89C3-B45FFB6A245E}.Debug|x64.ActiveCfg = Debug|Any CPU
		{2C7874CB-F87F-4E63-89C3-B45FFB6A245E}.Debug|x64.Build.0 = Debug|Any CPU
		{2C7874CB-F87F-4E63-89C3-B45FFB6A245E}.Debug|x86.ActiveCfg = Debug|Any CPU
		{2C7874CB-F87F-4E63-89C3-B45FFB6A245E}.Debug|x86.Build.0 = Debug|Any CPU
		{2C7874CB-F87F-4E63-89C3-B45FFB6A245E}.Release|Any CPU.ActiveCfg = Release|Any CPU
		{2C7874CB-F87F-4E63-89C3-B45FFB6A245E}.Release|Any CPU.Build.0 = Release|Any CPU
		{2C7874CB-F87F-4E63-89C3-B45FFB6A245E}.Release|x64.ActiveCfg = Release|Any CPU
		{2C7874CB-F87F-4E63-89C3-B45FFB6A245E}.Release|x64.Build.0 = Release|Any CPU
		{2C7874CB-F87F-4E63-89C3-B45FFB6A245E}.Release|x86.ActiveCfg = Release|Any CPU
		{2C7874CB-F87F-4E63-89C3-B45FFB6A245E}.Release|x86.Build.0 = Release|Any CPU
		{055F17FF-367E-4395-82BA-0C38A23092F6}.Debug|Any CPU.ActiveCfg = Debug|Any CPU
		{055F17FF-367E-4395-82BA-0C38A23092F6}.Debug|Any CPU.Build.0 = Debug|Any CPU
		{055F17FF-367E-4395-82BA-0C38A23092F6}.Debug|x64.ActiveCfg = Debug|Any CPU
		{055F17FF-367E-4395-82BA-0C38A23092F6}.Debug|x64.Build.0 = Debug|Any CPU
		{055F17FF-367E-4395-82BA-0C38A23092F6}.Debug|x86.ActiveCfg = Debug|Any CPU
		{055F17FF-367E-4395-82BA-0C38A23092F6}.Debug|x86.Build.0 = Debug|Any CPU
		{055F17FF-367E-4395-82BA-0C38A23092F6}.Release|Any CPU.ActiveCfg = Release|Any CPU
		{055F17FF-367E-4395-82BA-0C38A23092F6}.Release|Any CPU.Build.0 = Release|Any CPU
		{055F17FF-367E-4395-82BA-0C38A23092F6}.Release|x64.ActiveCfg = Release|Any CPU
		{055F17FF-367E-4395-82BA-0C38A23092F6}.Release|x64.Build.0 = Release|Any CPU
		{055F17FF-367E-4395-82BA-0C38A23092F6}.Release|x86.ActiveCfg = Release|Any CPU
		{055F17FF-367E-4395-82BA-0C38A23092F6}.Release|x86.Build.0 = Release|Any CPU
		{95C559B4-3DD7-471E-A601-E464BD041336}.Debug|Any CPU.ActiveCfg = Debug|Any CPU
		{95C559B4-3DD7-471E-A601-E464BD041336}.Debug|Any CPU.Build.0 = Debug|Any CPU
		{95C559B4-3DD7-471E-A601-E464BD041336}.Debug|x64.ActiveCfg = Debug|Any CPU
		{95C559B4-3DD7-471E-A601-E464BD041336}.Debug|x64.Build.0 = Debug|Any CPU
		{95C559B4-3DD7-471E-A601-E464BD041336}.Debug|x86.ActiveCfg = Debug|Any CPU
		{95C559B4-3DD7-471E-A601-E464BD041336}.Debug|x86.Build.0 = Debug|Any CPU
		{95C559B4-3DD7-471E-A601-E464BD041336}.Release|Any CPU.ActiveCfg = Release|Any CPU
		{95C559B4-3DD7-471E-A601-E464BD041336}.Release|Any CPU.Build.0 = Release|Any CPU
		{95C559B4-3DD7-471E-A601-E464BD041336}.Release|x64.ActiveCfg = Release|Any CPU
		{95C559B4-3DD7-471E-A601-E464BD041336}.Release|x64.Build.0 = Release|Any CPU
		{95C559B4-3DD7-471E-A601-E464BD041336}.Release|x86.ActiveCfg = Release|Any CPU
		{95C559B4-3DD7-471E-A601-E464BD041336}.Release|x86.Build.0 = Release|Any CPU
		{47EFD1B0-1FE0-4A5B-84BF-48AEC15B4B74}.Debug|Any CPU.ActiveCfg = Debug|Any CPU
		{47EFD1B0-1FE0-4A5B-84BF-48AEC15B4B74}.Debug|Any CPU.Build.0 = Debug|Any CPU
		{47EFD1B0-1FE0-4A5B-84BF-48AEC15B4B74}.Debug|x64.ActiveCfg = Debug|Any CPU
		{47EFD1B0-1FE0-4A5B-84BF-48AEC15B4B74}.Debug|x64.Build.0 = Debug|Any CPU
		{47EFD1B0-1FE0-4A5B-84BF-48AEC15B4B74}.Debug|x86.ActiveCfg = Debug|Any CPU
		{47EFD1B0-1FE0-4A5B-84BF-48AEC15B4B74}.Debug|x86.Build.0 = Debug|Any CPU
		{47EFD1B0-1FE0-4A5B-84BF-48AEC15B4B74}.Release|Any CPU.ActiveCfg = Release|Any CPU
		{47EFD1B0-1FE0-4A5B-84BF-48AEC15B4B74}.Release|Any CPU.Build.0 = Release|Any CPU
		{47EFD1B0-1FE0-4A5B-84BF-48AEC15B4B74}.Release|x64.ActiveCfg = Release|Any CPU
		{47EFD1B0-1FE0-4A5B-84BF-48AEC15B4B74}.Release|x64.Build.0 = Release|Any CPU
		{47EFD1B0-1FE0-4A5B-84BF-48AEC15B4B74}.Release|x86.ActiveCfg = Release|Any CPU
		{47EFD1B0-1FE0-4A5B-84BF-48AEC15B4B74}.Release|x86.Build.0 = Release|Any CPU
		{79773892-79C9-42C3-8367-B7B03FB8D1D1}.Debug|Any CPU.ActiveCfg = Debug|Any CPU
		{79773892-79C9-42C3-8367-B7B03FB8D1D1}.Debug|Any CPU.Build.0 = Debug|Any CPU
		{79773892-79C9-42C3-8367-B7B03FB8D1D1}.Debug|x64.ActiveCfg = Debug|Any CPU
		{79773892-79C9-42C3-8367-B7B03FB8D1D1}.Debug|x64.Build.0 = Debug|Any CPU
		{79773892-79C9-42C3-8367-B7B03FB8D1D1}.Debug|x86.ActiveCfg = Debug|Any CPU
		{79773892-79C9-42C3-8367-B7B03FB8D1D1}.Debug|x86.Build.0 = Debug|Any CPU
		{79773892-79C9-42C3-8367-B7B03FB8D1D1}.Release|Any CPU.ActiveCfg = Release|Any CPU
		{79773892-79C9-42C3-8367-B7B03FB8D1D1}.Release|Any CPU.Build.0 = Release|Any CPU
		{79773892-79C9-42C3-8367-B7B03FB8D1D1}.Release|x64.ActiveCfg = Release|Any CPU
		{79773892-79C9-42C3-8367-B7B03FB8D1D1}.Release|x64.Build.0 = Release|Any CPU
		{79773892-79C9-42C3-8367-B7B03FB8D1D1}.Release|x86.ActiveCfg = Release|Any CPU
		{79773892-79C9-42C3-8367-B7B03FB8D1D1}.Release|x86.Build.0 = Release|Any CPU
		{8A1D8281-0AC9-4129-8B74-42FACBDB47AA}.Debug|Any CPU.ActiveCfg = Debug|Any CPU
		{8A1D8281-0AC9-4129-8B74-42FACBDB47AA}.Debug|Any CPU.Build.0 = Debug|Any CPU
		{8A1D8281-0AC9-4129-8B74-42FACBDB47AA}.Debug|x64.ActiveCfg = Debug|Any CPU
		{8A1D8281-0AC9-4129-8B74-42FACBDB47AA}.Debug|x64.Build.0 = Debug|Any CPU
		{8A1D8281-0AC9-4129-8B74-42FACBDB47AA}.Debug|x86.ActiveCfg = Debug|Any CPU
		{8A1D8281-0AC9-4129-8B74-42FACBDB47AA}.Debug|x86.Build.0 = Debug|Any CPU
		{8A1D8281-0AC9-4129-8B74-42FACBDB47AA}.Release|Any CPU.ActiveCfg = Release|Any CPU
		{8A1D8281-0AC9-4129-8B74-42FACBDB47AA}.Release|Any CPU.Build.0 = Release|Any CPU
		{8A1D8281-0AC9-4129-8B74-42FACBDB47AA}.Release|x64.ActiveCfg = Release|Any CPU
		{8A1D8281-0AC9-4129-8B74-42FACBDB47AA}.Release|x64.Build.0 = Release|Any CPU
		{8A1D8281-0AC9-4129-8B74-42FACBDB47AA}.Release|x86.ActiveCfg = Release|Any CPU
		{8A1D8281-0AC9-4129-8B74-42FACBDB47AA}.Release|x86.Build.0 = Release|Any CPU
		{283DC7F4-14AD-42F7-BD4C-005E338E3E34}.Debug|Any CPU.ActiveCfg = Debug|Any CPU
		{283DC7F4-14AD-42F7-BD4C-005E338E3E34}.Debug|Any CPU.Build.0 = Debug|Any CPU
		{283DC7F4-14AD-42F7-BD4C-005E338E3E34}.Debug|x64.ActiveCfg = Debug|Any CPU
		{283DC7F4-14AD-42F7-BD4C-005E338E3E34}.Debug|x64.Build.0 = Debug|Any CPU
		{283DC7F4-14AD-42F7-BD4C-005E338E3E34}.Debug|x86.ActiveCfg = Debug|Any CPU
		{283DC7F4-14AD-42F7-BD4C-005E338E3E34}.Debug|x86.Build.0 = Debug|Any CPU
		{283DC7F4-14AD-42F7-BD4C-005E338E3E34}.Release|Any CPU.ActiveCfg = Release|Any CPU
		{283DC7F4-14AD-42F7-BD4C-005E338E3E34}.Release|Any CPU.Build.0 = Release|Any CPU
		{283DC7F4-14AD-42F7-BD4C-005E338E3E34}.Release|x64.ActiveCfg = Release|Any CPU
		{283DC7F4-14AD-42F7-BD4C-005E338E3E34}.Release|x64.Build.0 = Release|Any CPU
		{283DC7F4-14AD-42F7-BD4C-005E338E3E34}.Release|x86.ActiveCfg = Release|Any CPU
		{283DC7F4-14AD-42F7-BD4C-005E338E3E34}.Release|x86.Build.0 = Release|Any CPU
		{29FD61B6-BEA9-430B-B247-5288047C2033}.Debug|Any CPU.ActiveCfg = Debug|Any CPU
		{29FD61B6-BEA9-430B-B247-5288047C2033}.Debug|Any CPU.Build.0 = Debug|Any CPU
		{29FD61B6-BEA9-430B-B247-5288047C2033}.Debug|x64.ActiveCfg = Debug|Any CPU
		{29FD61B6-BEA9-430B-B247-5288047C2033}.Debug|x64.Build.0 = Debug|Any CPU
		{29FD61B6-BEA9-430B-B247-5288047C2033}.Debug|x86.ActiveCfg = Debug|Any CPU
		{29FD61B6-BEA9-430B-B247-5288047C2033}.Debug|x86.Build.0 = Debug|Any CPU
		{29FD61B6-BEA9-430B-B247-5288047C2033}.Release|Any CPU.ActiveCfg = Release|Any CPU
		{29FD61B6-BEA9-430B-B247-5288047C2033}.Release|Any CPU.Build.0 = Release|Any CPU
		{29FD61B6-BEA9-430B-B247-5288047C2033}.Release|x64.ActiveCfg = Release|Any CPU
		{29FD61B6-BEA9-430B-B247-5288047C2033}.Release|x64.Build.0 = Release|Any CPU
		{29FD61B6-BEA9-430B-B247-5288047C2033}.Release|x86.ActiveCfg = Release|Any CPU
		{29FD61B6-BEA9-430B-B247-5288047C2033}.Release|x86.Build.0 = Release|Any CPU
	EndGlobalSection
	GlobalSection(SolutionProperties) = preSolution
		HideSolutionNode = FALSE
	EndGlobalSection
EndGlobal
